// !$*UTF8*$!
{
	archiveVersion = 1;
	classes = {
	};
	objectVersion = 56;
	objects = {

/* Begin PBXBuildFile section */
		66492ABA2990590C00256D27 /* MelanieTemplateView.swift in Sources */ = {isa = PBXBuildFile; fileRef = A17E5A4129905123003BF1B3 /* MelanieTemplateView.swift */; };
		66492ABB2990591800256D27 /* DahimeView.swift in Sources */ = {isa = PBXBuildFile; fileRef = 66F2008B299051A0005999DC /* DahimeView.swift */; };
		669E00112984224B00E8A142 /* practiceApp.swift in Sources */ = {isa = PBXBuildFile; fileRef = 669E00102984224B00E8A142 /* practiceApp.swift */; };
		669E00132984224B00E8A142 /* ContentView.swift in Sources */ = {isa = PBXBuildFile; fileRef = 669E00122984224B00E8A142 /* ContentView.swift */; };
		669E00152984224C00E8A142 /* Assets.xcassets in Resources */ = {isa = PBXBuildFile; fileRef = 669E00142984224C00E8A142 /* Assets.xcassets */; };
		669E00182984224C00E8A142 /* Preview Assets.xcassets in Resources */ = {isa = PBXBuildFile; fileRef = 669E00172984224C00E8A142 /* Preview Assets.xcassets */; };
		669E001A2984224C00E8A142 /* Persistence.swift in Sources */ = {isa = PBXBuildFile; fileRef = 669E00192984224C00E8A142 /* Persistence.swift */; };
		669E001D2984224C00E8A142 /* practice.xcdatamodeld in Sources */ = {isa = PBXBuildFile; fileRef = 669E001B2984224C00E8A142 /* practice.xcdatamodeld */; };
		669E00272984224C00E8A142 /* practiceTests.swift in Sources */ = {isa = PBXBuildFile; fileRef = 669E00262984224C00E8A142 /* practiceTests.swift */; };
		669E00312984224C00E8A142 /* practiceUITests.swift in Sources */ = {isa = PBXBuildFile; fileRef = 669E00302984224C00E8A142 /* practiceUITests.swift */; };
		669E00332984224C00E8A142 /* practiceUITestsLaunchTests.swift in Sources */ = {isa = PBXBuildFile; fileRef = 669E00322984224C00E8A142 /* practiceUITestsLaunchTests.swift */; };
		A160EF1F2992A9C9001F069A /* SemiCircleMenuView.swift in Sources */ = {isa = PBXBuildFile; fileRef = A160EF1E2992A9C9001F069A /* SemiCircleMenuView.swift */; };

		A160EF2129953797001F069A /* NavStack.MVVM.View.swift in Sources */ = {isa = PBXBuildFile; fileRef = A160EF2029953797001F069A /* NavStack.MVVM.View.swift */; };

		A160EF2329954A77001F069A /* BackgroundView.swift in Sources */ = {isa = PBXBuildFile; fileRef = A160EF2229954A77001F069A /* BackgroundView.swift */; };
		A160EF2529954F3C001F069A /* RoundedBackgroundShapeView.swift in Sources */ = {isa = PBXBuildFile; fileRef = A160EF2429954F3C001F069A /* RoundedBackgroundShapeView.swift */; };
		A160EF272995C1FE001F069A /* ImageCircleView.swift in Sources */ = {isa = PBXBuildFile; fileRef = A160EF262995C1FE001F069A /* ImageCircleView.swift */; };
		A17E5A372990424B003BF1B3 /* TemplateView.swift in Sources */ = {isa = PBXBuildFile; fileRef = A17E5A362990424B003BF1B3 /* TemplateView.swift */; };
		A17E5A3E299048E2003BF1B3 /* MapView.swift in Sources */ = {isa = PBXBuildFile; fileRef = A17E5A3D299048E2003BF1B3 /* MapView.swift */; };
		A17E5A40299048EC003BF1B3 /* TemplateTwoView.swift in Sources */ = {isa = PBXBuildFile; fileRef = A17E5A3F299048EC003BF1B3 /* TemplateTwoView.swift */; };
		A17E5A442990531F003BF1B3 /* KrissieTemplateView.swift in Sources */ = {isa = PBXBuildFile; fileRef = A17E5A432990531F003BF1B3 /* KrissieTemplateView.swift */; };
		A1936BB52991F91600F5C829 /* CamView.swift in Sources */ = {isa = PBXBuildFile; fileRef = A1936BB42991F91600F5C829 /* CamView.swift */; };
/* End PBXBuildFile section */

/* Begin PBXContainerItemProxy section */
		669E00232984224C00E8A142 /* PBXContainerItemProxy */ = {
			isa = PBXContainerItemProxy;
			containerPortal = 669E00052984224B00E8A142 /* Project object */;
			proxyType = 1;
			remoteGlobalIDString = 669E000C2984224B00E8A142;
			remoteInfo = practice;
		};
		669E002D2984224C00E8A142 /* PBXContainerItemProxy */ = {
			isa = PBXContainerItemProxy;
			containerPortal = 669E00052984224B00E8A142 /* Project object */;
			proxyType = 1;
			remoteGlobalIDString = 669E000C2984224B00E8A142;
			remoteInfo = practice;
		};
/* End PBXContainerItemProxy section */

/* Begin PBXFileReference section */
		669E000D2984224B00E8A142 /* practice.app */ = {isa = PBXFileReference; explicitFileType = wrapper.application; includeInIndex = 0; path = practice.app; sourceTree = BUILT_PRODUCTS_DIR; };
		669E00102984224B00E8A142 /* practiceApp.swift */ = {isa = PBXFileReference; lastKnownFileType = sourcecode.swift; path = practiceApp.swift; sourceTree = "<group>"; };
		669E00122984224B00E8A142 /* ContentView.swift */ = {isa = PBXFileReference; lastKnownFileType = sourcecode.swift; path = ContentView.swift; sourceTree = "<group>"; };
		669E00142984224C00E8A142 /* Assets.xcassets */ = {isa = PBXFileReference; lastKnownFileType = folder.assetcatalog; path = Assets.xcassets; sourceTree = "<group>"; };
		669E00172984224C00E8A142 /* Preview Assets.xcassets */ = {isa = PBXFileReference; lastKnownFileType = folder.assetcatalog; path = "Preview Assets.xcassets"; sourceTree = "<group>"; };
		669E00192984224C00E8A142 /* Persistence.swift */ = {isa = PBXFileReference; lastKnownFileType = sourcecode.swift; path = Persistence.swift; sourceTree = "<group>"; };
		669E001C2984224C00E8A142 /* practice.xcdatamodel */ = {isa = PBXFileReference; lastKnownFileType = wrapper.xcdatamodel; path = practice.xcdatamodel; sourceTree = "<group>"; };
		669E00222984224C00E8A142 /* practiceTests.xctest */ = {isa = PBXFileReference; explicitFileType = wrapper.cfbundle; includeInIndex = 0; path = practiceTests.xctest; sourceTree = BUILT_PRODUCTS_DIR; };
		669E00262984224C00E8A142 /* practiceTests.swift */ = {isa = PBXFileReference; lastKnownFileType = sourcecode.swift; path = practiceTests.swift; sourceTree = "<group>"; };
		669E002C2984224C00E8A142 /* practiceUITests.xctest */ = {isa = PBXFileReference; explicitFileType = wrapper.cfbundle; includeInIndex = 0; path = practiceUITests.xctest; sourceTree = BUILT_PRODUCTS_DIR; };
		669E00302984224C00E8A142 /* practiceUITests.swift */ = {isa = PBXFileReference; lastKnownFileType = sourcecode.swift; path = practiceUITests.swift; sourceTree = "<group>"; };
		669E00322984224C00E8A142 /* practiceUITestsLaunchTests.swift */ = {isa = PBXFileReference; lastKnownFileType = sourcecode.swift; path = practiceUITestsLaunchTests.swift; sourceTree = "<group>"; };
		66F2008B299051A0005999DC /* DahimeView.swift */ = {isa = PBXFileReference; lastKnownFileType = sourcecode.swift; path = DahimeView.swift; sourceTree = "<group>"; };
		A160EF1E2992A9C9001F069A /* SemiCircleMenuView.swift */ = {isa = PBXFileReference; lastKnownFileType = sourcecode.swift; path = SemiCircleMenuView.swift; sourceTree = "<group>"; };

		A160EF2029953797001F069A /* NavStack.MVVM.View.swift */ = {isa = PBXFileReference; lastKnownFileType = sourcecode.swift; path = NavStack.MVVM.View.swift; sourceTree = "<group>"; };

		A160EF2229954A77001F069A /* BackgroundView.swift */ = {isa = PBXFileReference; lastKnownFileType = sourcecode.swift; path = BackgroundView.swift; sourceTree = "<group>"; };
		A160EF2429954F3C001F069A /* RoundedBackgroundShapeView.swift */ = {isa = PBXFileReference; lastKnownFileType = sourcecode.swift; path = RoundedBackgroundShapeView.swift; sourceTree = "<group>"; };
		A160EF262995C1FE001F069A /* ImageCircleView.swift */ = {isa = PBXFileReference; lastKnownFileType = sourcecode.swift; path = ImageCircleView.swift; sourceTree = "<group>"; };
    
		A17E5A362990424B003BF1B3 /* TemplateView.swift */ = {isa = PBXFileReference; lastKnownFileType = sourcecode.swift; path = TemplateView.swift; sourceTree = "<group>"; };
		A17E5A3D299048E2003BF1B3 /* MapView.swift */ = {isa = PBXFileReference; lastKnownFileType = sourcecode.swift; path = MapView.swift; sourceTree = "<group>"; };
		A17E5A3F299048EC003BF1B3 /* TemplateTwoView.swift */ = {isa = PBXFileReference; lastKnownFileType = sourcecode.swift; path = TemplateTwoView.swift; sourceTree = "<group>"; };
		A17E5A4129905123003BF1B3 /* MelanieTemplateView.swift */ = {isa = PBXFileReference; lastKnownFileType = sourcecode.swift; path = MelanieTemplateView.swift; sourceTree = "<group>"; };
		A17E5A432990531F003BF1B3 /* KrissieTemplateView.swift */ = {isa = PBXFileReference; lastKnownFileType = sourcecode.swift; path = KrissieTemplateView.swift; sourceTree = "<group>"; };
		A1936BB42991F91600F5C829 /* CamView.swift */ = {isa = PBXFileReference; lastKnownFileType = sourcecode.swift; path = CamView.swift; sourceTree = "<group>"; };
/* End PBXFileReference section */

/* Begin PBXFrameworksBuildPhase section */
		669E000A2984224B00E8A142 /* Frameworks */ = {
			isa = PBXFrameworksBuildPhase;
			buildActionMask = 2147483647;
			files = (
			);
			runOnlyForDeploymentPostprocessing = 0;
		};
		669E001F2984224C00E8A142 /* Frameworks */ = {
			isa = PBXFrameworksBuildPhase;
			buildActionMask = 2147483647;
			files = (
			);
			runOnlyForDeploymentPostprocessing = 0;
		};
		669E00292984224C00E8A142 /* Frameworks */ = {
			isa = PBXFrameworksBuildPhase;
			buildActionMask = 2147483647;
			files = (
			);
			runOnlyForDeploymentPostprocessing = 0;
		};
/* End PBXFrameworksBuildPhase section */

/* Begin PBXGroup section */
		669E00042984224B00E8A142 = {
			isa = PBXGroup;
			children = (
				669E000F2984224B00E8A142 /* practice */,
				669E00252984224C00E8A142 /* practiceTests */,
				669E002F2984224C00E8A142 /* practiceUITests */,
				669E000E2984224B00E8A142 /* Products */,
			);
			sourceTree = "<group>";
		};
		669E000E2984224B00E8A142 /* Products */ = {
			isa = PBXGroup;
			children = (
				669E000D2984224B00E8A142 /* practice.app */,
				669E00222984224C00E8A142 /* practiceTests.xctest */,
				669E002C2984224C00E8A142 /* practiceUITests.xctest */,
			);
			name = Products;
			sourceTree = "<group>";
		};
		669E000F2984224B00E8A142 /* practice */ = {
			isa = PBXGroup;
			children = (
				669E00102984224B00E8A142 /* practiceApp.swift */,
				A160EF2029953797001F069A /* NavStack.MVVM.View.swift */,
				669E00122984224B00E8A142 /* ContentView.swift */,
				A1936BB42991F91600F5C829 /* CamView.swift */,
				A160EF1E2992A9C9001F069A /* SemiCircleMenuView.swift */,
				66F2008B299051A0005999DC /* DahimeView.swift */,
				A17E5A362990424B003BF1B3 /* TemplateView.swift */,
				A17E5A3D299048E2003BF1B3 /* MapView.swift */,
				A17E5A3F299048EC003BF1B3 /* TemplateTwoView.swift */,
				A160EF262995C1FE001F069A /* ImageCircleView.swift */,
				A160EF2229954A77001F069A /* BackgroundView.swift */,
				A160EF2429954F3C001F069A /* RoundedBackgroundShapeView.swift */,
				A17E5A4129905123003BF1B3 /* MelanieTemplateView.swift */,
				A17E5A432990531F003BF1B3 /* KrissieTemplateView.swift */,
				669E00142984224C00E8A142 /* Assets.xcassets */,
				669E00192984224C00E8A142 /* Persistence.swift */,
				669E001B2984224C00E8A142 /* practice.xcdatamodeld */,
				669E00162984224C00E8A142 /* Preview Content */,
			);
			path = practice;
			sourceTree = "<group>";
		};
		669E00162984224C00E8A142 /* Preview Content */ = {
			isa = PBXGroup;
			children = (
				669E00172984224C00E8A142 /* Preview Assets.xcassets */,
			);
			path = "Preview Content";
			sourceTree = "<group>";
		};
		669E00252984224C00E8A142 /* practiceTests */ = {
			isa = PBXGroup;
			children = (
				669E00262984224C00E8A142 /* practiceTests.swift */,
			);
			path = practiceTests;
			sourceTree = "<group>";
		};
		669E002F2984224C00E8A142 /* practiceUITests */ = {
			isa = PBXGroup;
			children = (
				669E00302984224C00E8A142 /* practiceUITests.swift */,
				669E00322984224C00E8A142 /* practiceUITestsLaunchTests.swift */,
			);
			path = practiceUITests;
			sourceTree = "<group>";
		};
/* End PBXGroup section */

/* Begin PBXNativeTarget section */
		669E000C2984224B00E8A142 /* practice */ = {
			isa = PBXNativeTarget;
			buildConfigurationList = 669E00362984224C00E8A142 /* Build configuration list for PBXNativeTarget "practice" */;
			buildPhases = (
				669E00092984224B00E8A142 /* Sources */,
				669E000A2984224B00E8A142 /* Frameworks */,
				669E000B2984224B00E8A142 /* Resources */,
			);
			buildRules = (
			);
			dependencies = (
			);
			name = practice;
			productName = practice;
			productReference = 669E000D2984224B00E8A142 /* practice.app */;
			productType = "com.apple.product-type.application";
		};
		669E00212984224C00E8A142 /* practiceTests */ = {
			isa = PBXNativeTarget;
			buildConfigurationList = 669E00392984224C00E8A142 /* Build configuration list for PBXNativeTarget "practiceTests" */;
			buildPhases = (
				669E001E2984224C00E8A142 /* Sources */,
				669E001F2984224C00E8A142 /* Frameworks */,
				669E00202984224C00E8A142 /* Resources */,
			);
			buildRules = (
			);
			dependencies = (
				669E00242984224C00E8A142 /* PBXTargetDependency */,
			);
			name = practiceTests;
			productName = practiceTests;
			productReference = 669E00222984224C00E8A142 /* practiceTests.xctest */;
			productType = "com.apple.product-type.bundle.unit-test";
		};
		669E002B2984224C00E8A142 /* practiceUITests */ = {
			isa = PBXNativeTarget;
			buildConfigurationList = 669E003C2984224C00E8A142 /* Build configuration list for PBXNativeTarget "practiceUITests" */;
			buildPhases = (
				669E00282984224C00E8A142 /* Sources */,
				669E00292984224C00E8A142 /* Frameworks */,
				669E002A2984224C00E8A142 /* Resources */,
			);
			buildRules = (
			);
			dependencies = (
				669E002E2984224C00E8A142 /* PBXTargetDependency */,
			);
			name = practiceUITests;
			productName = practiceUITests;
			productReference = 669E002C2984224C00E8A142 /* practiceUITests.xctest */;
			productType = "com.apple.product-type.bundle.ui-testing";
		};
/* End PBXNativeTarget section */

/* Begin PBXProject section */
		669E00052984224B00E8A142 /* Project object */ = {
			isa = PBXProject;
			attributes = {
				BuildIndependentTargetsInParallel = 1;
				LastSwiftUpdateCheck = 1420;
				LastUpgradeCheck = 1420;
				TargetAttributes = {
					669E000C2984224B00E8A142 = {
						CreatedOnToolsVersion = 14.2;
					};
					669E00212984224C00E8A142 = {
						CreatedOnToolsVersion = 14.2;
						TestTargetID = 669E000C2984224B00E8A142;
					};
					669E002B2984224C00E8A142 = {
						CreatedOnToolsVersion = 14.2;
						TestTargetID = 669E000C2984224B00E8A142;
					};
				};
			};
			buildConfigurationList = 669E00082984224B00E8A142 /* Build configuration list for PBXProject "practice" */;
			compatibilityVersion = "Xcode 14.0";
			developmentRegion = en;
			hasScannedForEncodings = 0;
			knownRegions = (
				en,
				Base,
			);
			mainGroup = 669E00042984224B00E8A142;
			productRefGroup = 669E000E2984224B00E8A142 /* Products */;
			projectDirPath = "";
			projectRoot = "";
			targets = (
				669E000C2984224B00E8A142 /* practice */,
				669E00212984224C00E8A142 /* practiceTests */,
				669E002B2984224C00E8A142 /* practiceUITests */,
			);
		};
/* End PBXProject section */

/* Begin PBXResourcesBuildPhase section */
		669E000B2984224B00E8A142 /* Resources */ = {
			isa = PBXResourcesBuildPhase;
			buildActionMask = 2147483647;
			files = (
				669E00182984224C00E8A142 /* Preview Assets.xcassets in Resources */,
				669E00152984224C00E8A142 /* Assets.xcassets in Resources */,
			);
			runOnlyForDeploymentPostprocessing = 0;
		};
		669E00202984224C00E8A142 /* Resources */ = {
			isa = PBXResourcesBuildPhase;
			buildActionMask = 2147483647;
			files = (
			);
			runOnlyForDeploymentPostprocessing = 0;
		};
		669E002A2984224C00E8A142 /* Resources */ = {
			isa = PBXResourcesBuildPhase;
			buildActionMask = 2147483647;
			files = (
			);
			runOnlyForDeploymentPostprocessing = 0;
		};
/* End PBXResourcesBuildPhase section */

/* Begin PBXSourcesBuildPhase section */
		669E00092984224B00E8A142 /* Sources */ = {
			isa = PBXSourcesBuildPhase;
			buildActionMask = 2147483647;
			files = (
				A160EF272995C1FE001F069A /* ImageCircleView.swift in Sources */,
				A1936BB52991F91600F5C829 /* CamView.swift in Sources */,
				66492ABB2990591800256D27 /* DahimeView.swift in Sources */,
				A160EF2529954F3C001F069A /* RoundedBackgroundShapeView.swift in Sources */,
				669E001D2984224C00E8A142 /* practice.xcdatamodeld in Sources */,
				A17E5A3E299048E2003BF1B3 /* MapView.swift in Sources */,
				669E001A2984224C00E8A142 /* Persistence.swift in Sources */,
				669E00132984224B00E8A142 /* ContentView.swift in Sources */,
				A17E5A372990424B003BF1B3 /* TemplateView.swift in Sources */,
				669E00112984224B00E8A142 /* practiceApp.swift in Sources */,
				A160EF2129953797001F069A /* NavStack.MVVM.View.swift in Sources */,
				A17E5A40299048EC003BF1B3 /* TemplateTwoView.swift in Sources */,
				A160EF2329954A77001F069A /* BackgroundView.swift in Sources */,
				66492ABA2990590C00256D27 /* MelanieTemplateView.swift in Sources */,
				A17E5A442990531F003BF1B3 /* KrissieTemplateView.swift in Sources */,
				A160EF1F2992A9C9001F069A /* SemiCircleMenuView.swift in Sources */,
			);
			runOnlyForDeploymentPostprocessing = 0;
		};
		669E001E2984224C00E8A142 /* Sources */ = {
			isa = PBXSourcesBuildPhase;
			buildActionMask = 2147483647;
			files = (
				669E00272984224C00E8A142 /* practiceTests.swift in Sources */,
			);
			runOnlyForDeploymentPostprocessing = 0;
		};
		669E00282984224C00E8A142 /* Sources */ = {
			isa = PBXSourcesBuildPhase;
			buildActionMask = 2147483647;
			files = (
				669E00332984224C00E8A142 /* practiceUITestsLaunchTests.swift in Sources */,
				669E00312984224C00E8A142 /* practiceUITests.swift in Sources */,
			);
			runOnlyForDeploymentPostprocessing = 0;
		};
/* End PBXSourcesBuildPhase section */

/* Begin PBXTargetDependency section */
		669E00242984224C00E8A142 /* PBXTargetDependency */ = {
			isa = PBXTargetDependency;
			target = 669E000C2984224B00E8A142 /* practice */;
			targetProxy = 669E00232984224C00E8A142 /* PBXContainerItemProxy */;
		};
		669E002E2984224C00E8A142 /* PBXTargetDependency */ = {
			isa = PBXTargetDependency;
			target = 669E000C2984224B00E8A142 /* practice */;
			targetProxy = 669E002D2984224C00E8A142 /* PBXContainerItemProxy */;
		};
/* End PBXTargetDependency section */

/* Begin XCBuildConfiguration section */
		669E00342984224C00E8A142 /* Debug */ = {
			isa = XCBuildConfiguration;
			buildSettings = {
				ALWAYS_SEARCH_USER_PATHS = NO;
				CLANG_ANALYZER_NONNULL = YES;
				CLANG_ANALYZER_NUMBER_OBJECT_CONVERSION = YES_AGGRESSIVE;
				CLANG_CXX_LANGUAGE_STANDARD = "gnu++20";
				CLANG_ENABLE_MODULES = YES;
				CLANG_ENABLE_OBJC_ARC = YES;
				CLANG_ENABLE_OBJC_WEAK = YES;
				CLANG_WARN_BLOCK_CAPTURE_AUTORELEASING = YES;
				CLANG_WARN_BOOL_CONVERSION = YES;
				CLANG_WARN_COMMA = YES;
				CLANG_WARN_CONSTANT_CONVERSION = YES;
				CLANG_WARN_DEPRECATED_OBJC_IMPLEMENTATIONS = YES;
				CLANG_WARN_DIRECT_OBJC_ISA_USAGE = YES_ERROR;
				CLANG_WARN_DOCUMENTATION_COMMENTS = YES;
				CLANG_WARN_EMPTY_BODY = YES;
				CLANG_WARN_ENUM_CONVERSION = YES;
				CLANG_WARN_INFINITE_RECURSION = YES;
				CLANG_WARN_INT_CONVERSION = YES;
				CLANG_WARN_NON_LITERAL_NULL_CONVERSION = YES;
				CLANG_WARN_OBJC_IMPLICIT_RETAIN_SELF = YES;
				CLANG_WARN_OBJC_LITERAL_CONVERSION = YES;
				CLANG_WARN_OBJC_ROOT_CLASS = YES_ERROR;
				CLANG_WARN_QUOTED_INCLUDE_IN_FRAMEWORK_HEADER = YES;
				CLANG_WARN_RANGE_LOOP_ANALYSIS = YES;
				CLANG_WARN_STRICT_PROTOTYPES = YES;
				CLANG_WARN_SUSPICIOUS_MOVE = YES;
				CLANG_WARN_UNGUARDED_AVAILABILITY = YES_AGGRESSIVE;
				CLANG_WARN_UNREACHABLE_CODE = YES;
				CLANG_WARN__DUPLICATE_METHOD_MATCH = YES;
				COPY_PHASE_STRIP = NO;
				DEBUG_INFORMATION_FORMAT = dwarf;
				ENABLE_STRICT_OBJC_MSGSEND = YES;
				ENABLE_TESTABILITY = YES;
				GCC_C_LANGUAGE_STANDARD = gnu11;
				GCC_DYNAMIC_NO_PIC = NO;
				GCC_NO_COMMON_BLOCKS = YES;
				GCC_OPTIMIZATION_LEVEL = 0;
				GCC_PREPROCESSOR_DEFINITIONS = (
					"DEBUG=1",
					"$(inherited)",
				);
				GCC_WARN_64_TO_32_BIT_CONVERSION = YES;
				GCC_WARN_ABOUT_RETURN_TYPE = YES_ERROR;
				GCC_WARN_UNDECLARED_SELECTOR = YES;
				GCC_WARN_UNINITIALIZED_AUTOS = YES_AGGRESSIVE;
				GCC_WARN_UNUSED_FUNCTION = YES;
				GCC_WARN_UNUSED_VARIABLE = YES;
				IPHONEOS_DEPLOYMENT_TARGET = 16.2;
				MTL_ENABLE_DEBUG_INFO = INCLUDE_SOURCE;
				MTL_FAST_MATH = YES;
				ONLY_ACTIVE_ARCH = YES;
				SDKROOT = iphoneos;
				SWIFT_ACTIVE_COMPILATION_CONDITIONS = DEBUG;
				SWIFT_OPTIMIZATION_LEVEL = "-Onone";
			};
			name = Debug;
		};
		669E00352984224C00E8A142 /* Release */ = {
			isa = XCBuildConfiguration;
			buildSettings = {
				ALWAYS_SEARCH_USER_PATHS = NO;
				CLANG_ANALYZER_NONNULL = YES;
				CLANG_ANALYZER_NUMBER_OBJECT_CONVERSION = YES_AGGRESSIVE;
				CLANG_CXX_LANGUAGE_STANDARD = "gnu++20";
				CLANG_ENABLE_MODULES = YES;
				CLANG_ENABLE_OBJC_ARC = YES;
				CLANG_ENABLE_OBJC_WEAK = YES;
				CLANG_WARN_BLOCK_CAPTURE_AUTORELEASING = YES;
				CLANG_WARN_BOOL_CONVERSION = YES;
				CLANG_WARN_COMMA = YES;
				CLANG_WARN_CONSTANT_CONVERSION = YES;
				CLANG_WARN_DEPRECATED_OBJC_IMPLEMENTATIONS = YES;
				CLANG_WARN_DIRECT_OBJC_ISA_USAGE = YES_ERROR;
				CLANG_WARN_DOCUMENTATION_COMMENTS = YES;
				CLANG_WARN_EMPTY_BODY = YES;
				CLANG_WARN_ENUM_CONVERSION = YES;
				CLANG_WARN_INFINITE_RECURSION = YES;
				CLANG_WARN_INT_CONVERSION = YES;
				CLANG_WARN_NON_LITERAL_NULL_CONVERSION = YES;
				CLANG_WARN_OBJC_IMPLICIT_RETAIN_SELF = YES;
				CLANG_WARN_OBJC_LITERAL_CONVERSION = YES;
				CLANG_WARN_OBJC_ROOT_CLASS = YES_ERROR;
				CLANG_WARN_QUOTED_INCLUDE_IN_FRAMEWORK_HEADER = YES;
				CLANG_WARN_RANGE_LOOP_ANALYSIS = YES;
				CLANG_WARN_STRICT_PROTOTYPES = YES;
				CLANG_WARN_SUSPICIOUS_MOVE = YES;
				CLANG_WARN_UNGUARDED_AVAILABILITY = YES_AGGRESSIVE;
				CLANG_WARN_UNREACHABLE_CODE = YES;
				CLANG_WARN__DUPLICATE_METHOD_MATCH = YES;
				COPY_PHASE_STRIP = NO;
				DEBUG_INFORMATION_FORMAT = "dwarf-with-dsym";
				ENABLE_NS_ASSERTIONS = NO;
				ENABLE_STRICT_OBJC_MSGSEND = YES;
				GCC_C_LANGUAGE_STANDARD = gnu11;
				GCC_NO_COMMON_BLOCKS = YES;
				GCC_WARN_64_TO_32_BIT_CONVERSION = YES;
				GCC_WARN_ABOUT_RETURN_TYPE = YES_ERROR;
				GCC_WARN_UNDECLARED_SELECTOR = YES;
				GCC_WARN_UNINITIALIZED_AUTOS = YES_AGGRESSIVE;
				GCC_WARN_UNUSED_FUNCTION = YES;
				GCC_WARN_UNUSED_VARIABLE = YES;
				IPHONEOS_DEPLOYMENT_TARGET = 16.2;
				MTL_ENABLE_DEBUG_INFO = NO;
				MTL_FAST_MATH = YES;
				SDKROOT = iphoneos;
				SWIFT_COMPILATION_MODE = wholemodule;
				SWIFT_OPTIMIZATION_LEVEL = "-O";
				VALIDATE_PRODUCT = YES;
			};
			name = Release;
		};
		669E00372984224C00E8A142 /* Debug */ = {
			isa = XCBuildConfiguration;
			buildSettings = {
				ASSETCATALOG_COMPILER_APPICON_NAME = AppIcon;
				ASSETCATALOG_COMPILER_GLOBAL_ACCENT_COLOR_NAME = AccentColor;
				CODE_SIGN_STYLE = Automatic;
				CURRENT_PROJECT_VERSION = 1;
				DEVELOPMENT_ASSET_PATHS = "\"practice/Preview Content\"";
				DEVELOPMENT_TEAM = FGK773Y5UU;
				ENABLE_PREVIEWS = YES;
				GENERATE_INFOPLIST_FILE = YES;
				INFOPLIST_KEY_UIApplicationSceneManifest_Generation = YES;
				INFOPLIST_KEY_UIApplicationSupportsIndirectInputEvents = YES;
				INFOPLIST_KEY_UILaunchScreen_Generation = YES;
				INFOPLIST_KEY_UISupportedInterfaceOrientations_iPad = "UIInterfaceOrientationPortrait UIInterfaceOrientationPortraitUpsideDown UIInterfaceOrientationLandscapeLeft UIInterfaceOrientationLandscapeRight";
				INFOPLIST_KEY_UISupportedInterfaceOrientations_iPhone = "UIInterfaceOrientationPortrait UIInterfaceOrientationLandscapeLeft UIInterfaceOrientationLandscapeRight";
				LD_RUNPATH_SEARCH_PATHS = (
					"$(inherited)",
					"@executable_path/Frameworks",
				);
				MARKETING_VERSION = 1.0;
				PRODUCT_BUNDLE_IDENTIFIER = MSU.practice;
				PRODUCT_NAME = "$(TARGET_NAME)";
				SWIFT_EMIT_LOC_STRINGS = YES;
				SWIFT_VERSION = 5.0;
				TARGETED_DEVICE_FAMILY = "1,2";
			};
			name = Debug;
		};
		669E00382984224C00E8A142 /* Release */ = {
			isa = XCBuildConfiguration;
			buildSettings = {
				ASSETCATALOG_COMPILER_APPICON_NAME = AppIcon;
				ASSETCATALOG_COMPILER_GLOBAL_ACCENT_COLOR_NAME = AccentColor;
				CODE_SIGN_STYLE = Automatic;
				CURRENT_PROJECT_VERSION = 1;
				DEVELOPMENT_ASSET_PATHS = "\"practice/Preview Content\"";
				DEVELOPMENT_TEAM = FGK773Y5UU;
				ENABLE_PREVIEWS = YES;
				GENERATE_INFOPLIST_FILE = YES;
				INFOPLIST_KEY_UIApplicationSceneManifest_Generation = YES;
				INFOPLIST_KEY_UIApplicationSupportsIndirectInputEvents = YES;
				INFOPLIST_KEY_UILaunchScreen_Generation = YES;
				INFOPLIST_KEY_UISupportedInterfaceOrientations_iPad = "UIInterfaceOrientationPortrait UIInterfaceOrientationPortraitUpsideDown UIInterfaceOrientationLandscapeLeft UIInterfaceOrientationLandscapeRight";
				INFOPLIST_KEY_UISupportedInterfaceOrientations_iPhone = "UIInterfaceOrientationPortrait UIInterfaceOrientationLandscapeLeft UIInterfaceOrientationLandscapeRight";
				LD_RUNPATH_SEARCH_PATHS = (
					"$(inherited)",
					"@executable_path/Frameworks",
				);
				MARKETING_VERSION = 1.0;
				PRODUCT_BUNDLE_IDENTIFIER = MSU.practice;
				PRODUCT_NAME = "$(TARGET_NAME)";
				SWIFT_EMIT_LOC_STRINGS = YES;
				SWIFT_VERSION = 5.0;
				TARGETED_DEVICE_FAMILY = "1,2";
			};
			name = Release;
		};
		669E003A2984224C00E8A142 /* Debug */ = {
			isa = XCBuildConfiguration;
			buildSettings = {
				ALWAYS_EMBED_SWIFT_STANDARD_LIBRARIES = YES;
				BUNDLE_LOADER = "$(TEST_HOST)";
				CODE_SIGN_STYLE = Automatic;
				CURRENT_PROJECT_VERSION = 1;
				DEVELOPMENT_TEAM = FGK773Y5UU;
				GENERATE_INFOPLIST_FILE = YES;
				IPHONEOS_DEPLOYMENT_TARGET = 16.2;
				MARKETING_VERSION = 1.0;
				PRODUCT_BUNDLE_IDENTIFIER = MSU.practiceTests;
				PRODUCT_NAME = "$(TARGET_NAME)";
				SWIFT_EMIT_LOC_STRINGS = NO;
				SWIFT_VERSION = 5.0;
				TARGETED_DEVICE_FAMILY = "1,2";
				TEST_HOST = "$(BUILT_PRODUCTS_DIR)/practice.app/$(BUNDLE_EXECUTABLE_FOLDER_PATH)/practice";
			};
			name = Debug;
		};
		669E003B2984224C00E8A142 /* Release */ = {
			isa = XCBuildConfiguration;
			buildSettings = {
				ALWAYS_EMBED_SWIFT_STANDARD_LIBRARIES = YES;
				BUNDLE_LOADER = "$(TEST_HOST)";
				CODE_SIGN_STYLE = Automatic;
				CURRENT_PROJECT_VERSION = 1;
				DEVELOPMENT_TEAM = FGK773Y5UU;
				GENERATE_INFOPLIST_FILE = YES;
				IPHONEOS_DEPLOYMENT_TARGET = 16.2;
				MARKETING_VERSION = 1.0;
				PRODUCT_BUNDLE_IDENTIFIER = MSU.practiceTests;
				PRODUCT_NAME = "$(TARGET_NAME)";
				SWIFT_EMIT_LOC_STRINGS = NO;
				SWIFT_VERSION = 5.0;
				TARGETED_DEVICE_FAMILY = "1,2";
				TEST_HOST = "$(BUILT_PRODUCTS_DIR)/practice.app/$(BUNDLE_EXECUTABLE_FOLDER_PATH)/practice";
			};
			name = Release;
		};
		669E003D2984224C00E8A142 /* Debug */ = {
			isa = XCBuildConfiguration;
			buildSettings = {
				ALWAYS_EMBED_SWIFT_STANDARD_LIBRARIES = YES;
				CODE_SIGN_STYLE = Automatic;
				CURRENT_PROJECT_VERSION = 1;
				DEVELOPMENT_TEAM = FGK773Y5UU;
				GENERATE_INFOPLIST_FILE = YES;
				MARKETING_VERSION = 1.0;
				PRODUCT_BUNDLE_IDENTIFIER = MSU.practiceUITests;
				PRODUCT_NAME = "$(TARGET_NAME)";
				SWIFT_EMIT_LOC_STRINGS = NO;
				SWIFT_VERSION = 5.0;
				TARGETED_DEVICE_FAMILY = "1,2";
				TEST_TARGET_NAME = practice;
			};
			name = Debug;
		};
		669E003E2984224C00E8A142 /* Release */ = {
			isa = XCBuildConfiguration;
			buildSettings = {
				ALWAYS_EMBED_SWIFT_STANDARD_LIBRARIES = YES;
				CODE_SIGN_STYLE = Automatic;
				CURRENT_PROJECT_VERSION = 1;
				DEVELOPMENT_TEAM = FGK773Y5UU;
				GENERATE_INFOPLIST_FILE = YES;
				MARKETING_VERSION = 1.0;
				PRODUCT_BUNDLE_IDENTIFIER = MSU.practiceUITests;
				PRODUCT_NAME = "$(TARGET_NAME)";
				SWIFT_EMIT_LOC_STRINGS = NO;
				SWIFT_VERSION = 5.0;
				TARGETED_DEVICE_FAMILY = "1,2";
				TEST_TARGET_NAME = practice;
			};
			name = Release;
		};
/* End XCBuildConfiguration section */

/* Begin XCConfigurationList section */
		669E00082984224B00E8A142 /* Build configuration list for PBXProject "practice" */ = {
			isa = XCConfigurationList;
			buildConfigurations = (
				669E00342984224C00E8A142 /* Debug */,
				669E00352984224C00E8A142 /* Release */,
			);
			defaultConfigurationIsVisible = 0;
			defaultConfigurationName = Release;
		};
		669E00362984224C00E8A142 /* Build configuration list for PBXNativeTarget "practice" */ = {
			isa = XCConfigurationList;
			buildConfigurations = (
				669E00372984224C00E8A142 /* Debug */,
				669E00382984224C00E8A142 /* Release */,
			);
			defaultConfigurationIsVisible = 0;
			defaultConfigurationName = Release;
		};
		669E00392984224C00E8A142 /* Build configuration list for PBXNativeTarget "practiceTests" */ = {
			isa = XCConfigurationList;
			buildConfigurations = (
				669E003A2984224C00E8A142 /* Debug */,
				669E003B2984224C00E8A142 /* Release */,
			);
			defaultConfigurationIsVisible = 0;
			defaultConfigurationName = Release;
		};
		669E003C2984224C00E8A142 /* Build configuration list for PBXNativeTarget "practiceUITests" */ = {
			isa = XCConfigurationList;
			buildConfigurations = (
				669E003D2984224C00E8A142 /* Debug */,
				669E003E2984224C00E8A142 /* Release */,
			);
			defaultConfigurationIsVisible = 0;
			defaultConfigurationName = Release;
		};
/* End XCConfigurationList section */

/* Begin XCVersionGroup section */
		669E001B2984224C00E8A142 /* practice.xcdatamodeld */ = {
			isa = XCVersionGroup;
			children = (
				669E001C2984224C00E8A142 /* practice.xcdatamodel */,
			);
			currentVersion = 669E001C2984224C00E8A142 /* practice.xcdatamodel */;
			path = practice.xcdatamodeld;
			sourceTree = "<group>";
			versionGroupType = wrapper.xcdatamodel;
		};
/* End XCVersionGroup section */
	};
	rootObject = 669E00052984224B00E8A142 /* Project object */;
}
