// !$*UTF8*$!
{
	archiveVersion = 1;
	classes = {
	};
	objectVersion = 56;
	objects = {

/* Begin PBXBuildFile section */
		660CBF1029A513B200953451 /* FacetimeClone in Resources */ = {isa = PBXBuildFile; fileRef = 660CBF0F29A513B200953451 /* FacetimeClone */; };
		66FCACEF29A3B78600A9D7C2 /* SecondChanceApp.swift in Sources */ = {isa = PBXBuildFile; fileRef = 66FCACEE29A3B78600A9D7C2 /* SecondChanceApp.swift */; };
		66FCACF129A3B78600A9D7C2 /* ContentView.swift in Sources */ = {isa = PBXBuildFile; fileRef = 66FCACF029A3B78600A9D7C2 /* ContentView.swift */; };
		66FCACF329A3B78700A9D7C2 /* Assets.xcassets in Resources */ = {isa = PBXBuildFile; fileRef = 66FCACF229A3B78700A9D7C2 /* Assets.xcassets */; };
		66FCACF629A3B78700A9D7C2 /* Preview Assets.xcassets in Resources */ = {isa = PBXBuildFile; fileRef = 66FCACF529A3B78700A9D7C2 /* Preview Assets.xcassets */; };
		66FCACF829A3B78700A9D7C2 /* Persistence.swift in Sources */ = {isa = PBXBuildFile; fileRef = 66FCACF729A3B78700A9D7C2 /* Persistence.swift */; };
		66FCACFB29A3B78700A9D7C2 /* SecondChance.xcdatamodeld in Sources */ = {isa = PBXBuildFile; fileRef = 66FCACF929A3B78700A9D7C2 /* SecondChance.xcdatamodeld */; };
		66FCAD0529A3B78700A9D7C2 /* SecondChanceTests.swift in Sources */ = {isa = PBXBuildFile; fileRef = 66FCAD0429A3B78700A9D7C2 /* SecondChanceTests.swift */; };
		66FCAD0F29A3B78700A9D7C2 /* SecondChanceUITests.swift in Sources */ = {isa = PBXBuildFile; fileRef = 66FCAD0E29A3B78700A9D7C2 /* SecondChanceUITests.swift */; };
		66FCAD1129A3B78700A9D7C2 /* SecondChanceUITestsLaunchTests.swift in Sources */ = {isa = PBXBuildFile; fileRef = 66FCAD1029A3B78700A9D7C2 /* SecondChanceUITestsLaunchTests.swift */; };
		66FCAD1E29A3BA4B00A9D7C2 /* OnboardingView.swift in Sources */ = {isa = PBXBuildFile; fileRef = 66FCAD1D29A3BA4B00A9D7C2 /* OnboardingView.swift */; };
		66FCAD2029A3BAA200A9D7C2 /* MentorHubView.swift in Sources */ = {isa = PBXBuildFile; fileRef = 66FCAD1F29A3BAA200A9D7C2 /* MentorHubView.swift */; };
		66FCAD2229A3BB1F00A9D7C2 /* MentorTabView.swift in Sources */ = {isa = PBXBuildFile; fileRef = 66FCAD2129A3BB1F00A9D7C2 /* MentorTabView.swift */; };
		66FCAD2429A3BF8000A9D7C2 /* FaceTimeView.swift in Sources */ = {isa = PBXBuildFile; fileRef = 66FCAD2329A3BF8000A9D7C2 /* FaceTimeView.swift */; };
		66FCAD2629A3C1EB00A9D7C2 /* CalendarView.swift in Sources */ = {isa = PBXBuildFile; fileRef = 66FCAD2529A3C1EB00A9D7C2 /* CalendarView.swift */; };
		66FCAD2829A3C43A00A9D7C2 /* MessageLogicView.swift in Sources */ = {isa = PBXBuildFile; fileRef = 66FCAD2729A3C43A00A9D7C2 /* MessageLogicView.swift */; };
		66FCAD2A29A3C47D00A9D7C2 /* MessageView.swift in Sources */ = {isa = PBXBuildFile; fileRef = 66FCAD2929A3C47C00A9D7C2 /* MessageView.swift */; };
		66FCAD2C29A3C50B00A9D7C2 /* ContentMessageView.swift in Sources */ = {isa = PBXBuildFile; fileRef = 66FCAD2B29A3C50B00A9D7C2 /* ContentMessageView.swift */; };
/* End PBXBuildFile section */

/* Begin PBXContainerItemProxy section */
		66FCAD0129A3B78700A9D7C2 /* PBXContainerItemProxy */ = {
			isa = PBXContainerItemProxy;
			containerPortal = 66FCACE329A3B78600A9D7C2 /* Project object */;
			proxyType = 1;
			remoteGlobalIDString = 66FCACEA29A3B78600A9D7C2;
			remoteInfo = SecondChance;
		};
		66FCAD0B29A3B78700A9D7C2 /* PBXContainerItemProxy */ = {
			isa = PBXContainerItemProxy;
			containerPortal = 66FCACE329A3B78600A9D7C2 /* Project object */;
			proxyType = 1;
			remoteGlobalIDString = 66FCACEA29A3B78600A9D7C2;
			remoteInfo = SecondChance;
		};
/* End PBXContainerItemProxy section */

/* Begin PBXFileReference section */
		660CBF0F29A513B200953451 /* FacetimeClone */ = {isa = PBXFileReference; lastKnownFileType = folder; name = FacetimeClone; path = ../../../Documents/FacetimeClone; sourceTree = "<group>"; };
		66FCACEB29A3B78600A9D7C2 /* SecondChance.app */ = {isa = PBXFileReference; explicitFileType = wrapper.application; includeInIndex = 0; path = SecondChance.app; sourceTree = BUILT_PRODUCTS_DIR; };
		66FCACEE29A3B78600A9D7C2 /* SecondChanceApp.swift */ = {isa = PBXFileReference; lastKnownFileType = sourcecode.swift; path = SecondChanceApp.swift; sourceTree = "<group>"; };
		66FCACF029A3B78600A9D7C2 /* ContentView.swift */ = {isa = PBXFileReference; lastKnownFileType = sourcecode.swift; path = ContentView.swift; sourceTree = "<group>"; };
		66FCACF229A3B78700A9D7C2 /* Assets.xcassets */ = {isa = PBXFileReference; lastKnownFileType = folder.assetcatalog; path = Assets.xcassets; sourceTree = "<group>"; };
		66FCACF529A3B78700A9D7C2 /* Preview Assets.xcassets */ = {isa = PBXFileReference; lastKnownFileType = folder.assetcatalog; path = "Preview Assets.xcassets"; sourceTree = "<group>"; };
		66FCACF729A3B78700A9D7C2 /* Persistence.swift */ = {isa = PBXFileReference; lastKnownFileType = sourcecode.swift; path = Persistence.swift; sourceTree = "<group>"; };
		66FCACFA29A3B78700A9D7C2 /* SecondChance.xcdatamodel */ = {isa = PBXFileReference; lastKnownFileType = wrapper.xcdatamodel; path = SecondChance.xcdatamodel; sourceTree = "<group>"; };
		66FCAD0029A3B78700A9D7C2 /* SecondChanceTests.xctest */ = {isa = PBXFileReference; explicitFileType = wrapper.cfbundle; includeInIndex = 0; path = SecondChanceTests.xctest; sourceTree = BUILT_PRODUCTS_DIR; };
		66FCAD0429A3B78700A9D7C2 /* SecondChanceTests.swift */ = {isa = PBXFileReference; lastKnownFileType = sourcecode.swift; path = SecondChanceTests.swift; sourceTree = "<group>"; };
		66FCAD0A29A3B78700A9D7C2 /* SecondChanceUITests.xctest */ = {isa = PBXFileReference; explicitFileType = wrapper.cfbundle; includeInIndex = 0; path = SecondChanceUITests.xctest; sourceTree = BUILT_PRODUCTS_DIR; };
		66FCAD0E29A3B78700A9D7C2 /* SecondChanceUITests.swift */ = {isa = PBXFileReference; lastKnownFileType = sourcecode.swift; path = SecondChanceUITests.swift; sourceTree = "<group>"; };
		66FCAD1029A3B78700A9D7C2 /* SecondChanceUITestsLaunchTests.swift */ = {isa = PBXFileReference; lastKnownFileType = sourcecode.swift; path = SecondChanceUITestsLaunchTests.swift; sourceTree = "<group>"; };
		66FCAD1D29A3BA4B00A9D7C2 /* OnboardingView.swift */ = {isa = PBXFileReference; lastKnownFileType = sourcecode.swift; path = OnboardingView.swift; sourceTree = "<group>"; };
		66FCAD1F29A3BAA200A9D7C2 /* MentorHubView.swift */ = {isa = PBXFileReference; lastKnownFileType = sourcecode.swift; path = MentorHubView.swift; sourceTree = "<group>"; };
		66FCAD2129A3BB1F00A9D7C2 /* MentorTabView.swift */ = {isa = PBXFileReference; lastKnownFileType = sourcecode.swift; path = MentorTabView.swift; sourceTree = "<group>"; };
		66FCAD2329A3BF8000A9D7C2 /* FaceTimeView.swift */ = {isa = PBXFileReference; lastKnownFileType = sourcecode.swift; path = FaceTimeView.swift; sourceTree = "<group>"; };
		66FCAD2529A3C1EB00A9D7C2 /* CalendarView.swift */ = {isa = PBXFileReference; lastKnownFileType = sourcecode.swift; path = CalendarView.swift; sourceTree = "<group>"; };
		66FCAD2729A3C43A00A9D7C2 /* MessageLogicView.swift */ = {isa = PBXFileReference; lastKnownFileType = sourcecode.swift; path = MessageLogicView.swift; sourceTree = "<group>"; };
		66FCAD2929A3C47C00A9D7C2 /* MessageView.swift */ = {isa = PBXFileReference; lastKnownFileType = sourcecode.swift; path = MessageView.swift; sourceTree = "<group>"; };
		66FCAD2B29A3C50B00A9D7C2 /* ContentMessageView.swift */ = {isa = PBXFileReference; lastKnownFileType = sourcecode.swift; path = ContentMessageView.swift; sourceTree = "<group>"; };
/* End PBXFileReference section */

/* Begin PBXFrameworksBuildPhase section */
		66FCACE829A3B78600A9D7C2 /* Frameworks */ = {
			isa = PBXFrameworksBuildPhase;
			buildActionMask = 2147483647;
			files = (
			);
			runOnlyForDeploymentPostprocessing = 0;
		};
		66FCACFD29A3B78700A9D7C2 /* Frameworks */ = {
			isa = PBXFrameworksBuildPhase;
			buildActionMask = 2147483647;
			files = (
			);
			runOnlyForDeploymentPostprocessing = 0;
		};
		66FCAD0729A3B78700A9D7C2 /* Frameworks */ = {
			isa = PBXFrameworksBuildPhase;
			buildActionMask = 2147483647;
			files = (
			);
			runOnlyForDeploymentPostprocessing = 0;
		};
/* End PBXFrameworksBuildPhase section */

/* Begin PBXGroup section */
		66FCACE229A3B78600A9D7C2 = {
			isa = PBXGroup;
			children = (
				66FCACED29A3B78600A9D7C2 /* SecondChance */,
				66FCAD0329A3B78700A9D7C2 /* SecondChanceTests */,
				66FCAD0D29A3B78700A9D7C2 /* SecondChanceUITests */,
				66FCACEC29A3B78600A9D7C2 /* Products */,
			);
			sourceTree = "<group>";
		};
		66FCACEC29A3B78600A9D7C2 /* Products */ = {
			isa = PBXGroup;
			children = (
				66FCACEB29A3B78600A9D7C2 /* SecondChance.app */,
				66FCAD0029A3B78700A9D7C2 /* SecondChanceTests.xctest */,
				66FCAD0A29A3B78700A9D7C2 /* SecondChanceUITests.xctest */,
			);
			name = Products;
			sourceTree = "<group>";
		};
		66FCACED29A3B78600A9D7C2 /* SecondChance */ = {
			isa = PBXGroup;
			children = (
				66FCACEE29A3B78600A9D7C2 /* SecondChanceApp.swift */,
				66FCACF029A3B78600A9D7C2 /* ContentView.swift */,
				66FCAD1D29A3BA4B00A9D7C2 /* OnboardingView.swift */,
				66FCAD1F29A3BAA200A9D7C2 /* MentorHubView.swift */,
				660CBF0F29A513B200953451 /* FacetimeClone */,
				66FCAD2129A3BB1F00A9D7C2 /* MentorTabView.swift */,
				66FCAD2329A3BF8000A9D7C2 /* FaceTimeView.swift */,
				66FCAD2529A3C1EB00A9D7C2 /* CalendarView.swift */,
				66FCAD2729A3C43A00A9D7C2 /* MessageLogicView.swift */,
				66FCAD2929A3C47C00A9D7C2 /* MessageView.swift */,
				66FCAD2B29A3C50B00A9D7C2 /* ContentMessageView.swift */,
				66FCACF229A3B78700A9D7C2 /* Assets.xcassets */,
				66FCACF729A3B78700A9D7C2 /* Persistence.swift */,
				66FCACF929A3B78700A9D7C2 /* SecondChance.xcdatamodeld */,
				66FCACF429A3B78700A9D7C2 /* Preview Content */,
			);
			path = SecondChance;
			sourceTree = "<group>";
		};
		66FCACF429A3B78700A9D7C2 /* Preview Content */ = {
			isa = PBXGroup;
			children = (
				66FCACF529A3B78700A9D7C2 /* Preview Assets.xcassets */,
			);
			path = "Preview Content";
			sourceTree = "<group>";
		};
		66FCAD0329A3B78700A9D7C2 /* SecondChanceTests */ = {
			isa = PBXGroup;
			children = (
				66FCAD0429A3B78700A9D7C2 /* SecondChanceTests.swift */,
			);
			path = SecondChanceTests;
			sourceTree = "<group>";
		};
		66FCAD0D29A3B78700A9D7C2 /* SecondChanceUITests */ = {
			isa = PBXGroup;
			children = (
				66FCAD0E29A3B78700A9D7C2 /* SecondChanceUITests.swift */,
				66FCAD1029A3B78700A9D7C2 /* SecondChanceUITestsLaunchTests.swift */,
			);
			path = SecondChanceUITests;
			sourceTree = "<group>";
		};
/* End PBXGroup section */

/* Begin PBXNativeTarget section */
		66FCACEA29A3B78600A9D7C2 /* SecondChance */ = {
			isa = PBXNativeTarget;
			buildConfigurationList = 66FCAD1429A3B78700A9D7C2 /* Build configuration list for PBXNativeTarget "SecondChance" */;
			buildPhases = (
				66FCACE729A3B78600A9D7C2 /* Sources */,
				66FCACE829A3B78600A9D7C2 /* Frameworks */,
				66FCACE929A3B78600A9D7C2 /* Resources */,
			);
			buildRules = (
			);
			dependencies = (
			);
			name = SecondChance;
			productName = SecondChance;
			productReference = 66FCACEB29A3B78600A9D7C2 /* SecondChance.app */;
			productType = "com.apple.product-type.application";
		};
		66FCACFF29A3B78700A9D7C2 /* SecondChanceTests */ = {
			isa = PBXNativeTarget;
			buildConfigurationList = 66FCAD1729A3B78700A9D7C2 /* Build configuration list for PBXNativeTarget "SecondChanceTests" */;
			buildPhases = (
				66FCACFC29A3B78700A9D7C2 /* Sources */,
				66FCACFD29A3B78700A9D7C2 /* Frameworks */,
				66FCACFE29A3B78700A9D7C2 /* Resources */,
			);
			buildRules = (
			);
			dependencies = (
				66FCAD0229A3B78700A9D7C2 /* PBXTargetDependency */,
			);
			name = SecondChanceTests;
			productName = SecondChanceTests;
			productReference = 66FCAD0029A3B78700A9D7C2 /* SecondChanceTests.xctest */;
			productType = "com.apple.product-type.bundle.unit-test";
		};
		66FCAD0929A3B78700A9D7C2 /* SecondChanceUITests */ = {
			isa = PBXNativeTarget;
			buildConfigurationList = 66FCAD1A29A3B78700A9D7C2 /* Build configuration list for PBXNativeTarget "SecondChanceUITests" */;
			buildPhases = (
				66FCAD0629A3B78700A9D7C2 /* Sources */,
				66FCAD0729A3B78700A9D7C2 /* Frameworks */,
				66FCAD0829A3B78700A9D7C2 /* Resources */,
			);
			buildRules = (
			);
			dependencies = (
				66FCAD0C29A3B78700A9D7C2 /* PBXTargetDependency */,
			);
			name = SecondChanceUITests;
			productName = SecondChanceUITests;
			productReference = 66FCAD0A29A3B78700A9D7C2 /* SecondChanceUITests.xctest */;
			productType = "com.apple.product-type.bundle.ui-testing";
		};
/* End PBXNativeTarget section */

/* Begin PBXProject section */
		66FCACE329A3B78600A9D7C2 /* Project object */ = {
			isa = PBXProject;
			attributes = {
				BuildIndependentTargetsInParallel = 1;
				LastSwiftUpdateCheck = 1420;
				LastUpgradeCheck = 1420;
				TargetAttributes = {
					66FCACEA29A3B78600A9D7C2 = {
						CreatedOnToolsVersion = 14.2;
					};
					66FCACFF29A3B78700A9D7C2 = {
						CreatedOnToolsVersion = 14.2;
						TestTargetID = 66FCACEA29A3B78600A9D7C2;
					};
					66FCAD0929A3B78700A9D7C2 = {
						CreatedOnToolsVersion = 14.2;
						TestTargetID = 66FCACEA29A3B78600A9D7C2;
					};
				};
			};
			buildConfigurationList = 66FCACE629A3B78600A9D7C2 /* Build configuration list for PBXProject "SecondChance" */;
			compatibilityVersion = "Xcode 14.0";
			developmentRegion = en;
			hasScannedForEncodings = 0;
			knownRegions = (
				en,
				Base,
			);
			mainGroup = 66FCACE229A3B78600A9D7C2;
			productRefGroup = 66FCACEC29A3B78600A9D7C2 /* Products */;
			projectDirPath = "";
			projectRoot = "";
			targets = (
				66FCACEA29A3B78600A9D7C2 /* SecondChance */,
				66FCACFF29A3B78700A9D7C2 /* SecondChanceTests */,
				66FCAD0929A3B78700A9D7C2 /* SecondChanceUITests */,
			);
		};
/* End PBXProject section */

/* Begin PBXResourcesBuildPhase section */
		66FCACE929A3B78600A9D7C2 /* Resources */ = {
			isa = PBXResourcesBuildPhase;
			buildActionMask = 2147483647;
			files = (
				66FCACF629A3B78700A9D7C2 /* Preview Assets.xcassets in Resources */,
				66FCACF329A3B78700A9D7C2 /* Assets.xcassets in Resources */,
				660CBF1029A513B200953451 /* FacetimeClone in Resources */,
			);
			runOnlyForDeploymentPostprocessing = 0;
		};
		66FCACFE29A3B78700A9D7C2 /* Resources */ = {
			isa = PBXResourcesBuildPhase;
			buildActionMask = 2147483647;
			files = (
			);
			runOnlyForDeploymentPostprocessing = 0;
		};
		66FCAD0829A3B78700A9D7C2 /* Resources */ = {
			isa = PBXResourcesBuildPhase;
			buildActionMask = 2147483647;
			files = (
			);
			runOnlyForDeploymentPostprocessing = 0;
		};
/* End PBXResourcesBuildPhase section */

/* Begin PBXSourcesBuildPhase section */
		66FCACE729A3B78600A9D7C2 /* Sources */ = {
			isa = PBXSourcesBuildPhase;
			buildActionMask = 2147483647;
			files = (
				66FCACF829A3B78700A9D7C2 /* Persistence.swift in Sources */,
				66FCACF129A3B78600A9D7C2 /* ContentView.swift in Sources */,
				66FCACEF29A3B78600A9D7C2 /* SecondChanceApp.swift in Sources */,
				66FCAD2229A3BB1F00A9D7C2 /* MentorTabView.swift in Sources */,
				66FCAD2029A3BAA200A9D7C2 /* MentorHubView.swift in Sources */,
				66FCAD2629A3C1EB00A9D7C2 /* CalendarView.swift in Sources */,
				66FCAD2C29A3C50B00A9D7C2 /* ContentMessageView.swift in Sources */,
				66FCAD2A29A3C47D00A9D7C2 /* MessageView.swift in Sources */,
				66FCAD1E29A3BA4B00A9D7C2 /* OnboardingView.swift in Sources */,
				66FCAD2829A3C43A00A9D7C2 /* MessageLogicView.swift in Sources */,
				66FCAD2429A3BF8000A9D7C2 /* FaceTimeView.swift in Sources */,
				66FCACFB29A3B78700A9D7C2 /* SecondChance.xcdatamodeld in Sources */,
			);
			runOnlyForDeploymentPostprocessing = 0;
		};
		66FCACFC29A3B78700A9D7C2 /* Sources */ = {
			isa = PBXSourcesBuildPhase;
			buildActionMask = 2147483647;
			files = (
				66FCAD0529A3B78700A9D7C2 /* SecondChanceTests.swift in Sources */,
			);
			runOnlyForDeploymentPostprocessing = 0;
		};
		66FCAD0629A3B78700A9D7C2 /* Sources */ = {
			isa = PBXSourcesBuildPhase;
			buildActionMask = 2147483647;
			files = (
				66FCAD1129A3B78700A9D7C2 /* SecondChanceUITestsLaunchTests.swift in Sources */,
				66FCAD0F29A3B78700A9D7C2 /* SecondChanceUITests.swift in Sources */,
			);
			runOnlyForDeploymentPostprocessing = 0;
		};
/* End PBXSourcesBuildPhase section */

/* Begin PBXTargetDependency section */
		66FCAD0229A3B78700A9D7C2 /* PBXTargetDependency */ = {
			isa = PBXTargetDependency;
			target = 66FCACEA29A3B78600A9D7C2 /* SecondChance */;
			targetProxy = 66FCAD0129A3B78700A9D7C2 /* PBXContainerItemProxy */;
		};
		66FCAD0C29A3B78700A9D7C2 /* PBXTargetDependency */ = {
			isa = PBXTargetDependency;
			target = 66FCACEA29A3B78600A9D7C2 /* SecondChance */;
			targetProxy = 66FCAD0B29A3B78700A9D7C2 /* PBXContainerItemProxy */;
		};
/* End PBXTargetDependency section */

/* Begin XCBuildConfiguration section */
		66FCAD1229A3B78700A9D7C2 /* Debug */ = {
			isa = XCBuildConfiguration;
			buildSettings = {
				ALWAYS_SEARCH_USER_PATHS = NO;
				CLANG_ANALYZER_NONNULL = YES;
				CLANG_ANALYZER_NUMBER_OBJECT_CONVERSION = YES_AGGRESSIVE;
				CLANG_CXX_LANGUAGE_STANDARD = "gnu++20";
				CLANG_ENABLE_MODULES = YES;
				CLANG_ENABLE_OBJC_ARC = YES;
				CLANG_ENABLE_OBJC_WEAK = YES;
				CLANG_WARN_BLOCK_CAPTURE_AUTORELEASING = YES;
				CLANG_WARN_BOOL_CONVERSION = YES;
				CLANG_WARN_COMMA = YES;
				CLANG_WARN_CONSTANT_CONVERSION = YES;
				CLANG_WARN_DEPRECATED_OBJC_IMPLEMENTATIONS = YES;
				CLANG_WARN_DIRECT_OBJC_ISA_USAGE = YES_ERROR;
				CLANG_WARN_DOCUMENTATION_COMMENTS = YES;
				CLANG_WARN_EMPTY_BODY = YES;
				CLANG_WARN_ENUM_CONVERSION = YES;
				CLANG_WARN_INFINITE_RECURSION = YES;
				CLANG_WARN_INT_CONVERSION = YES;
				CLANG_WARN_NON_LITERAL_NULL_CONVERSION = YES;
				CLANG_WARN_OBJC_IMPLICIT_RETAIN_SELF = YES;
				CLANG_WARN_OBJC_LITERAL_CONVERSION = YES;
				CLANG_WARN_OBJC_ROOT_CLASS = YES_ERROR;
				CLANG_WARN_QUOTED_INCLUDE_IN_FRAMEWORK_HEADER = YES;
				CLANG_WARN_RANGE_LOOP_ANALYSIS = YES;
				CLANG_WARN_STRICT_PROTOTYPES = YES;
				CLANG_WARN_SUSPICIOUS_MOVE = YES;
				CLANG_WARN_UNGUARDED_AVAILABILITY = YES_AGGRESSIVE;
				CLANG_WARN_UNREACHABLE_CODE = YES;
				CLANG_WARN__DUPLICATE_METHOD_MATCH = YES;
				COPY_PHASE_STRIP = NO;
				DEBUG_INFORMATION_FORMAT = dwarf;
				ENABLE_STRICT_OBJC_MSGSEND = YES;
				ENABLE_TESTABILITY = YES;
				GCC_C_LANGUAGE_STANDARD = gnu11;
				GCC_DYNAMIC_NO_PIC = NO;
				GCC_NO_COMMON_BLOCKS = YES;
				GCC_OPTIMIZATION_LEVEL = 0;
				GCC_PREPROCESSOR_DEFINITIONS = (
					"DEBUG=1",
					"$(inherited)",
				);
				GCC_WARN_64_TO_32_BIT_CONVERSION = YES;
				GCC_WARN_ABOUT_RETURN_TYPE = YES_ERROR;
				GCC_WARN_UNDECLARED_SELECTOR = YES;
				GCC_WARN_UNINITIALIZED_AUTOS = YES_AGGRESSIVE;
				GCC_WARN_UNUSED_FUNCTION = YES;
				GCC_WARN_UNUSED_VARIABLE = YES;
				IPHONEOS_DEPLOYMENT_TARGET = 16.2;
				MTL_ENABLE_DEBUG_INFO = INCLUDE_SOURCE;
				MTL_FAST_MATH = YES;
				ONLY_ACTIVE_ARCH = YES;
				SDKROOT = iphoneos;
				SWIFT_ACTIVE_COMPILATION_CONDITIONS = DEBUG;
				SWIFT_OPTIMIZATION_LEVEL = "-Onone";
			};
			name = Debug;
		};
		66FCAD1329A3B78700A9D7C2 /* Release */ = {
			isa = XCBuildConfiguration;
			buildSettings = {
				ALWAYS_SEARCH_USER_PATHS = NO;
				CLANG_ANALYZER_NONNULL = YES;
				CLANG_ANALYZER_NUMBER_OBJECT_CONVERSION = YES_AGGRESSIVE;
				CLANG_CXX_LANGUAGE_STANDARD = "gnu++20";
				CLANG_ENABLE_MODULES = YES;
				CLANG_ENABLE_OBJC_ARC = YES;
				CLANG_ENABLE_OBJC_WEAK = YES;
				CLANG_WARN_BLOCK_CAPTURE_AUTORELEASING = YES;
				CLANG_WARN_BOOL_CONVERSION = YES;
				CLANG_WARN_COMMA = YES;
				CLANG_WARN_CONSTANT_CONVERSION = YES;
				CLANG_WARN_DEPRECATED_OBJC_IMPLEMENTATIONS = YES;
				CLANG_WARN_DIRECT_OBJC_ISA_USAGE = YES_ERROR;
				CLANG_WARN_DOCUMENTATION_COMMENTS = YES;
				CLANG_WARN_EMPTY_BODY = YES;
				CLANG_WARN_ENUM_CONVERSION = YES;
				CLANG_WARN_INFINITE_RECURSION = YES;
				CLANG_WARN_INT_CONVERSION = YES;
				CLANG_WARN_NON_LITERAL_NULL_CONVERSION = YES;
				CLANG_WARN_OBJC_IMPLICIT_RETAIN_SELF = YES;
				CLANG_WARN_OBJC_LITERAL_CONVERSION = YES;
				CLANG_WARN_OBJC_ROOT_CLASS = YES_ERROR;
				CLANG_WARN_QUOTED_INCLUDE_IN_FRAMEWORK_HEADER = YES;
				CLANG_WARN_RANGE_LOOP_ANALYSIS = YES;
				CLANG_WARN_STRICT_PROTOTYPES = YES;
				CLANG_WARN_SUSPICIOUS_MOVE = YES;
				CLANG_WARN_UNGUARDED_AVAILABILITY = YES_AGGRESSIVE;
				CLANG_WARN_UNREACHABLE_CODE = YES;
				CLANG_WARN__DUPLICATE_METHOD_MATCH = YES;
				COPY_PHASE_STRIP = NO;
				DEBUG_INFORMATION_FORMAT = "dwarf-with-dsym";
				ENABLE_NS_ASSERTIONS = NO;
				ENABLE_STRICT_OBJC_MSGSEND = YES;
				GCC_C_LANGUAGE_STANDARD = gnu11;
				GCC_NO_COMMON_BLOCKS = YES;
				GCC_WARN_64_TO_32_BIT_CONVERSION = YES;
				GCC_WARN_ABOUT_RETURN_TYPE = YES_ERROR;
				GCC_WARN_UNDECLARED_SELECTOR = YES;
				GCC_WARN_UNINITIALIZED_AUTOS = YES_AGGRESSIVE;
				GCC_WARN_UNUSED_FUNCTION = YES;
				GCC_WARN_UNUSED_VARIABLE = YES;
				IPHONEOS_DEPLOYMENT_TARGET = 16.2;
				MTL_ENABLE_DEBUG_INFO = NO;
				MTL_FAST_MATH = YES;
				SDKROOT = iphoneos;
				SWIFT_COMPILATION_MODE = wholemodule;
				SWIFT_OPTIMIZATION_LEVEL = "-O";
				VALIDATE_PRODUCT = YES;
			};
			name = Release;
		};
		66FCAD1529A3B78700A9D7C2 /* Debug */ = {
			isa = XCBuildConfiguration;
			buildSettings = {
				ASSETCATALOG_COMPILER_APPICON_NAME = AppIcon;
				ASSETCATALOG_COMPILER_GLOBAL_ACCENT_COLOR_NAME = AccentColor;
				CODE_SIGN_STYLE = Automatic;
				CURRENT_PROJECT_VERSION = 1;
				DEVELOPMENT_ASSET_PATHS = "\"SecondChance/Preview Content\"";
				DEVELOPMENT_TEAM = FGK773Y5UU;
				ENABLE_PREVIEWS = YES;
				GENERATE_INFOPLIST_FILE = YES;
				INFOPLIST_KEY_UIApplicationSceneManifest_Generation = YES;
				INFOPLIST_KEY_UIApplicationSupportsIndirectInputEvents = YES;
				INFOPLIST_KEY_UILaunchScreen_Generation = YES;
				INFOPLIST_KEY_UISupportedInterfaceOrientations_iPad = "UIInterfaceOrientationPortrait UIInterfaceOrientationPortraitUpsideDown UIInterfaceOrientationLandscapeLeft UIInterfaceOrientationLandscapeRight";
				INFOPLIST_KEY_UISupportedInterfaceOrientations_iPhone = "UIInterfaceOrientationPortrait UIInterfaceOrientationLandscapeLeft UIInterfaceOrientationLandscapeRight";
				LD_RUNPATH_SEARCH_PATHS = (
					"$(inherited)",
					"@executable_path/Frameworks",
				);
				MARKETING_VERSION = 0.1.0;
				PRODUCT_BUNDLE_IDENTIFIER = MSU.SecondChance;
				PRODUCT_NAME = "$(TARGET_NAME)";
				SWIFT_EMIT_LOC_STRINGS = YES;
				SWIFT_VERSION = 5.0;
				TARGETED_DEVICE_FAMILY = "1,2";
			};
			name = Debug;
		};
		66FCAD1629A3B78700A9D7C2 /* Release */ = {
			isa = XCBuildConfiguration;
			buildSettings = {
				ASSETCATALOG_COMPILER_APPICON_NAME = AppIcon;
				ASSETCATALOG_COMPILER_GLOBAL_ACCENT_COLOR_NAME = AccentColor;
				CODE_SIGN_IDENTITY = "Apple Development";
				CODE_SIGN_STYLE = Automatic;
				CURRENT_PROJECT_VERSION = 1;
				DEVELOPMENT_ASSET_PATHS = "\"SecondChance/Preview Content\"";
				DEVELOPMENT_TEAM = FGK773Y5UU;
				ENABLE_PREVIEWS = YES;
				GENERATE_INFOPLIST_FILE = YES;
				INFOPLIST_KEY_UIApplicationSceneManifest_Generation = YES;
				INFOPLIST_KEY_UIApplicationSupportsIndirectInputEvents = YES;
				INFOPLIST_KEY_UILaunchScreen_Generation = YES;
				INFOPLIST_KEY_UISupportedInterfaceOrientations_iPad = "UIInterfaceOrientationPortrait UIInterfaceOrientationPortraitUpsideDown UIInterfaceOrientationLandscapeLeft UIInterfaceOrientationLandscapeRight";
				INFOPLIST_KEY_UISupportedInterfaceOrientations_iPhone = "UIInterfaceOrientationPortrait UIInterfaceOrientationLandscapeLeft UIInterfaceOrientationLandscapeRight";
				LD_RUNPATH_SEARCH_PATHS = (
					"$(inherited)",
					"@executable_path/Frameworks",
				);
				MARKETING_VERSION = 0.1.0;
				PRODUCT_BUNDLE_IDENTIFIER = MSU.SecondChance;
				PRODUCT_NAME = "$(TARGET_NAME)";
				PROVISIONING_PROFILE_SPECIFIER = "";
				SWIFT_EMIT_LOC_STRINGS = YES;
				SWIFT_VERSION = 5.0;
				TARGETED_DEVICE_FAMILY = "1,2";
			};
			name = Release;
		};
		66FCAD1829A3B78700A9D7C2 /* Debug */ = {
			isa = XCBuildConfiguration;
			buildSettings = {
				ALWAYS_EMBED_SWIFT_STANDARD_LIBRARIES = YES;
				BUNDLE_LOADER = "$(TEST_HOST)";
				CODE_SIGN_STYLE = Automatic;
				CURRENT_PROJECT_VERSION = 1;
				DEVELOPMENT_TEAM = FGK773Y5UU;
				GENERATE_INFOPLIST_FILE = YES;
				IPHONEOS_DEPLOYMENT_TARGET = 16.2;
				MARKETING_VERSION = 1.0;
				PRODUCT_BUNDLE_IDENTIFIER = MSU.SecondChanceTests;
				PRODUCT_NAME = "$(TARGET_NAME)";
				SWIFT_EMIT_LOC_STRINGS = NO;
				SWIFT_VERSION = 5.0;
				TARGETED_DEVICE_FAMILY = "1,2";
				TEST_HOST = "$(BUILT_PRODUCTS_DIR)/SecondChance.app/$(BUNDLE_EXECUTABLE_FOLDER_PATH)/SecondChance";
			};
			name = Debug;
		};
		66FCAD1929A3B78700A9D7C2 /* Release */ = {
			isa = XCBuildConfiguration;
			buildSettings = {
				ALWAYS_EMBED_SWIFT_STANDARD_LIBRARIES = YES;
				BUNDLE_LOADER = "$(TEST_HOST)";
				CODE_SIGN_STYLE = Automatic;
				CURRENT_PROJECT_VERSION = 1;
				DEVELOPMENT_TEAM = FGK773Y5UU;
				GENERATE_INFOPLIST_FILE = YES;
				IPHONEOS_DEPLOYMENT_TARGET = 16.2;
				MARKETING_VERSION = 1.0;
				PRODUCT_BUNDLE_IDENTIFIER = MSU.SecondChanceTests;
				PRODUCT_NAME = "$(TARGET_NAME)";
				SWIFT_EMIT_LOC_STRINGS = NO;
				SWIFT_VERSION = 5.0;
				TARGETED_DEVICE_FAMILY = "1,2";
				TEST_HOST = "$(BUILT_PRODUCTS_DIR)/SecondChance.app/$(BUNDLE_EXECUTABLE_FOLDER_PATH)/SecondChance";
			};
			name = Release;
		};
		66FCAD1B29A3B78700A9D7C2 /* Debug */ = {
			isa = XCBuildConfiguration;
			buildSettings = {
				ALWAYS_EMBED_SWIFT_STANDARD_LIBRARIES = YES;
				CODE_SIGN_STYLE = Automatic;
				CURRENT_PROJECT_VERSION = 1;
				DEVELOPMENT_TEAM = FGK773Y5UU;
				GENERATE_INFOPLIST_FILE = YES;
				MARKETING_VERSION = 1.0;
				PRODUCT_BUNDLE_IDENTIFIER = MSU.SecondChanceUITests;
				PRODUCT_NAME = "$(TARGET_NAME)";
				SWIFT_EMIT_LOC_STRINGS = NO;
				SWIFT_VERSION = 5.0;
				TARGETED_DEVICE_FAMILY = "1,2";
				TEST_TARGET_NAME = SecondChance;
			};
			name = Debug;
		};
		66FCAD1C29A3B78700A9D7C2 /* Release */ = {
			isa = XCBuildConfiguration;
			buildSettings = {
				ALWAYS_EMBED_SWIFT_STANDARD_LIBRARIES = YES;
				CODE_SIGN_STYLE = Automatic;
				CURRENT_PROJECT_VERSION = 1;
				DEVELOPMENT_TEAM = FGK773Y5UU;
				GENERATE_INFOPLIST_FILE = YES;
				MARKETING_VERSION = 1.0;
				PRODUCT_BUNDLE_IDENTIFIER = MSU.SecondChanceUITests;
				PRODUCT_NAME = "$(TARGET_NAME)";
				SWIFT_EMIT_LOC_STRINGS = NO;
				SWIFT_VERSION = 5.0;
				TARGETED_DEVICE_FAMILY = "1,2";
				TEST_TARGET_NAME = SecondChance;
			};
			name = Release;
		};
/* End XCBuildConfiguration section */

/* Begin XCConfigurationList section */
		66FCACE629A3B78600A9D7C2 /* Build configuration list for PBXProject "SecondChance" */ = {
			isa = XCConfigurationList;
			buildConfigurations = (
				66FCAD1229A3B78700A9D7C2 /* Debug */,
				66FCAD1329A3B78700A9D7C2 /* Release */,
			);
			defaultConfigurationIsVisible = 0;
			defaultConfigurationName = Release;
		};
		66FCAD1429A3B78700A9D7C2 /* Build configuration list for PBXNativeTarget "SecondChance" */ = {
			isa = XCConfigurationList;
			buildConfigurations = (
				66FCAD1529A3B78700A9D7C2 /* Debug */,
				66FCAD1629A3B78700A9D7C2 /* Release */,
			);
			defaultConfigurationIsVisible = 0;
			defaultConfigurationName = Release;
		};
		66FCAD1729A3B78700A9D7C2 /* Build configuration list for PBXNativeTarget "SecondChanceTests" */ = {
			isa = XCConfigurationList;
			buildConfigurations = (
				66FCAD1829A3B78700A9D7C2 /* Debug */,
				66FCAD1929A3B78700A9D7C2 /* Release */,
			);
			defaultConfigurationIsVisible = 0;
			defaultConfigurationName = Release;
		};
		66FCAD1A29A3B78700A9D7C2 /* Build configuration list for PBXNativeTarget "SecondChanceUITests" */ = {
			isa = XCConfigurationList;
			buildConfigurations = (
				66FCAD1B29A3B78700A9D7C2 /* Debug */,
				66FCAD1C29A3B78700A9D7C2 /* Release */,
			);
			defaultConfigurationIsVisible = 0;
			defaultConfigurationName = Release;
		};
/* End XCConfigurationList section */

/* Begin XCVersionGroup section */
		66FCACF929A3B78700A9D7C2 /* SecondChance.xcdatamodeld */ = {
			isa = XCVersionGroup;
			children = (
				66FCACFA29A3B78700A9D7C2 /* SecondChance.xcdatamodel */,
			);
			currentVersion = 66FCACFA29A3B78700A9D7C2 /* SecondChance.xcdatamodel */;
			path = SecondChance.xcdatamodeld;
			sourceTree = "<group>";
			versionGroupType = wrapper.xcdatamodel;
		};
/* End XCVersionGroup section */
	};
	rootObject = 66FCACE329A3B78600A9D7C2 /* Project object */;
}
